
Microsoft Visual Studio Solution File, Format Version 12.00
Project("{FAE04EC0-301F-11D3-BF4B-00C04F79EFBC}") = "Arkanoid", "Arkanoid.csproj", "{869964BB-C4AF-43B6-947A-F3512416E246}"
EndProject
Global
	GlobalSection(SolutionConfigurationPlatforms) = preSolution
		Debug|Any CPU = Debug|Any CPU
		Release|Any CPU = Release|Any CPU
	EndGlobalSection
	GlobalSection(ProjectConfigurationPlatforms) = postSolution
		{869964BB-C4AF-43B6-947A-F3512416E246}.Debug|Any CPU.ActiveCfg = Debug|Any CPU
		{869964BB-C4AF-43B6-947A-F3512416E246}.Debug|Any CPU.Build.0 = Debug|Any CPU
		{869964BB-C4AF-43B6-947A-F3512416E246}.Release|Any CPU.ActiveCfg = Release|Any CPU
		{869964BB-C4AF-43B6-947A-F3512416E246}.Release|Any CPU.Build.0 = Release|Any CPU
	EndGlobalSection
EndGlobal
